
Microsoft Visual Studio Solution File, Format Version 12.00
# Visual Studio 15
VisualStudioVersion = 15.0.28307.421
MinimumVisualStudioVersion = 10.0.40219.1
Project("{FAE04EC0-301F-11D3-BF4B-00C04F79EFBC}") = "VeryBigSum", "VeryBigSum\VeryBigSum.csproj", "{640B7ED4-C9C4-4AB4-88BB-C08C25E408E3}"
EndProject
Global
	GlobalSection(SolutionConfigurationPlatforms) = preSolution
		Debug|Any CPU = Debug|Any CPU
		Release|Any CPU = Release|Any CPU
	EndGlobalSection
	GlobalSection(ProjectConfigurationPlatforms) = postSolution
		{640B7ED4-C9C4-4AB4-88BB-C08C25E408E3}.Debug|Any CPU.ActiveCfg = Debug|Any CPU
		{640B7ED4-C9C4-4AB4-88BB-C08C25E408E3}.Debug|Any CPU.Build.0 = Debug|Any CPU
		{640B7ED4-C9C4-4AB4-88BB-C08C25E408E3}.Release|Any CPU.ActiveCfg = Release|Any CPU
		{640B7ED4-C9C4-4AB4-88BB-C08C25E408E3}.Release|Any CPU.Build.0 = Release|Any CPU
	EndGlobalSection
	GlobalSection(SolutionProperties) = preSolution
		HideSolutionNode = FALSE
	EndGlobalSection
	GlobalSection(ExtensibilityGlobals) = postSolution
		SolutionGuid = {05E0F3E4-AAA6-4B60-8B03-40F0C248808D}
	EndGlobalSection
EndGlobal
